
Microsoft Visual Studio Solution File, Format Version 12.00
# Visual Studio 2013
VisualStudioVersion = 12.0.31101.0
MinimumVisualStudioVersion = 10.0.40219.1
Project("{FAE04EC0-301F-11D3-BF4B-00C04F79EFBC}") = "StockYard", "StockYard\StockYard\StockYard.csproj", "{D72B7D5E-8C28-4C00-BB68-0C0EDB7A15CC}"
EndProject
Project("{FAE04EC0-301F-11D3-BF4B-00C04F79EFBC}") = "StockYard.iOS", "StockYard\StockYard.iOS\StockYard.iOS.csproj", "{A016071B-FD63-4997-BEC8-C510FD8CBFFA}"
EndProject
Project("{FAE04EC0-301F-11D3-BF4B-00C04F79EFBC}") = "StockYard.Droid", "StockYard\StockYard.Droid\StockYard.Droid.csproj", "{8E15ED75-0BA8-44B8-9EA1-D8DFC1E99787}"
EndProject
Global
	GlobalSection(SolutionConfigurationPlatforms) = preSolution
		Ad-Hoc|Any CPU = Ad-Hoc|Any CPU
		Ad-Hoc|iPhone = Ad-Hoc|iPhone
		Ad-Hoc|iPhoneSimulator = Ad-Hoc|iPhoneSimulator
		Ad-Hoc|Mixed Platforms = Ad-Hoc|Mixed Platforms
		AppStore|Any CPU = AppStore|Any CPU
		AppStore|iPhone = AppStore|iPhone
		AppStore|iPhoneSimulator = AppStore|iPhoneSimulator
		AppStore|Mixed Platforms = AppStore|Mixed Platforms
		Debug|Any CPU = Debug|Any CPU
		Debug|iPhone = Debug|iPhone
		Debug|iPhoneSimulator = Debug|iPhoneSimulator
		Debug|Mixed Platforms = Debug|Mixed Platforms
		Release|Any CPU = Release|Any CPU
		Release|iPhone = Release|iPhone
		Release|iPhoneSimulator = Release|iPhoneSimulator
		Release|Mixed Platforms = Release|Mixed Platforms
	EndGlobalSection
	GlobalSection(ProjectConfigurationPlatforms) = postSolution
		{D72B7D5E-8C28-4C00-BB68-0C0EDB7A15CC}.Ad-Hoc|Any CPU.ActiveCfg = Release|Any CPU
		{D72B7D5E-8C28-4C00-BB68-0C0EDB7A15CC}.Ad-Hoc|Any CPU.Build.0 = Release|Any CPU
		{D72B7D5E-8C28-4C00-BB68-0C0EDB7A15CC}.Ad-Hoc|iPhone.ActiveCfg = Release|Any CPU
		{D72B7D5E-8C28-4C00-BB68-0C0EDB7A15CC}.Ad-Hoc|iPhoneSimulator.ActiveCfg = Release|Any CPU
		{D72B7D5E-8C28-4C00-BB68-0C0EDB7A15CC}.Ad-Hoc|Mixed Platforms.ActiveCfg = Release|Any CPU
		{D72B7D5E-8C28-4C00-BB68-0C0EDB7A15CC}.Ad-Hoc|Mixed Platforms.Build.0 = Release|Any CPU
		{D72B7D5E-8C28-4C00-BB68-0C0EDB7A15CC}.AppStore|Any CPU.ActiveCfg = Release|Any CPU
		{D72B7D5E-8C28-4C00-BB68-0C0EDB7A15CC}.AppStore|Any CPU.Build.0 = Release|Any CPU
		{D72B7D5E-8C28-4C00-BB68-0C0EDB7A15CC}.AppStore|iPhone.ActiveCfg = Release|Any CPU
		{D72B7D5E-8C28-4C00-BB68-0C0EDB7A15CC}.AppStore|iPhoneSimulator.ActiveCfg = Release|Any CPU
		{D72B7D5E-8C28-4C00-BB68-0C0EDB7A15CC}.AppStore|Mixed Platforms.ActiveCfg = Release|Any CPU
		{D72B7D5E-8C28-4C00-BB68-0C0EDB7A15CC}.AppStore|Mixed Platforms.Build.0 = Release|Any CPU
		{D72B7D5E-8C28-4C00-BB68-0C0EDB7A15CC}.Debug|Any CPU.ActiveCfg = Debug|Any CPU
		{D72B7D5E-8C28-4C00-BB68-0C0EDB7A15CC}.Debug|Any CPU.Build.0 = Debug|Any CPU
		{D72B7D5E-8C28-4C00-BB68-0C0EDB7A15CC}.Debug|iPhone.ActiveCfg = Debug|Any CPU
		{D72B7D5E-8C28-4C00-BB68-0C0EDB7A15CC}.Debug|iPhoneSimulator.ActiveCfg = Debug|Any CPU
		{D72B7D5E-8C28-4C00-BB68-0C0EDB7A15CC}.Debug|Mixed Platforms.ActiveCfg = Debug|Any CPU
		{D72B7D5E-8C28-4C00-BB68-0C0EDB7A15CC}.Debug|Mixed Platforms.Build.0 = Debug|Any CPU
		{D72B7D5E-8C28-4C00-BB68-0C0EDB7A15CC}.Release|Any CPU.ActiveCfg = Release|Any CPU
		{D72B7D5E-8C28-4C00-BB68-0C0EDB7A15CC}.Release|Any CPU.Build.0 = Release|Any CPU
		{D72B7D5E-8C28-4C00-BB68-0C0EDB7A15CC}.Release|iPhone.ActiveCfg = Release|Any CPU
		{D72B7D5E-8C28-4C00-BB68-0C0EDB7A15CC}.Release|iPhoneSimulator.ActiveCfg = Release|Any CPU
		{D72B7D5E-8C28-4C00-BB68-0C0EDB7A15CC}.Release|Mixed Platforms.ActiveCfg = Release|Any CPU
		{D72B7D5E-8C28-4C00-BB68-0C0EDB7A15CC}.Release|Mixed Platforms.Build.0 = Release|Any CPU
		{A016071B-FD63-4997-BEC8-C510FD8CBFFA}.Ad-Hoc|Any CPU.ActiveCfg = Ad-Hoc|iPhone
		{A016071B-FD63-4997-BEC8-C510FD8CBFFA}.Ad-Hoc|iPhone.ActiveCfg = Ad-Hoc|iPhone
		{A016071B-FD63-4997-BEC8-C510FD8CBFFA}.Ad-Hoc|iPhone.Build.0 = Ad-Hoc|iPhone
		{A016071B-FD63-4997-BEC8-C510FD8CBFFA}.Ad-Hoc|iPhoneSimulator.ActiveCfg = Ad-Hoc|iPhoneSimulator
		{A016071B-FD63-4997-BEC8-C510FD8CBFFA}.Ad-Hoc|iPhoneSimulator.Build.0 = Ad-Hoc|iPhoneSimulator
		{A016071B-FD63-4997-BEC8-C510FD8CBFFA}.Ad-Hoc|Mixed Platforms.ActiveCfg = Ad-Hoc|iPhone
		{A016071B-FD63-4997-BEC8-C510FD8CBFFA}.Ad-Hoc|Mixed Platforms.Build.0 = Ad-Hoc|iPhone
		{A016071B-FD63-4997-BEC8-C510FD8CBFFA}.AppStore|Any CPU.ActiveCfg = AppStore|iPhone
		{A016071B-FD63-4997-BEC8-C510FD8CBFFA}.AppStore|iPhone.ActiveCfg = AppStore|iPhone
		{A016071B-FD63-4997-BEC8-C510FD8CBFFA}.AppStore|iPhone.Build.0 = AppStore|iPhone
		{A016071B-FD63-4997-BEC8-C510FD8CBFFA}.AppStore|iPhoneSimulator.ActiveCfg = AppStore|iPhoneSimulator
		{A016071B-FD63-4997-BEC8-C510FD8CBFFA}.AppStore|iPhoneSimulator.Build.0 = AppStore|iPhoneSimulator
		{A016071B-FD63-4997-BEC8-C510FD8CBFFA}.AppStore|Mixed Platforms.ActiveCfg = AppStore|iPhone
		{A016071B-FD63-4997-BEC8-C510FD8CBFFA}.AppStore|Mixed Platforms.Build.0 = AppStore|iPhone
		{A016071B-FD63-4997-BEC8-C510FD8CBFFA}.Debug|Any CPU.ActiveCfg = Debug|iPhone
		{A016071B-FD63-4997-BEC8-C510FD8CBFFA}.Debug|iPhone.ActiveCfg = Debug|iPhone
		{A016071B-FD63-4997-BEC8-C510FD8CBFFA}.Debug|iPhone.Build.0 = Debug|iPhone
		{A016071B-FD63-4997-BEC8-C510FD8CBFFA}.Debug|iPhoneSimulator.ActiveCfg = Debug|iPhoneSimulator
		{A016071B-FD63-4997-BEC8-C510FD8CBFFA}.Debug|iPhoneSimulator.Build.0 = Debug|iPhoneSimulator
		{A016071B-FD63-4997-BEC8-C510FD8CBFFA}.Debug|Mixed Platforms.ActiveCfg = Debug|iPhone
		{A016071B-FD63-4997-BEC8-C510FD8CBFFA}.Debug|Mixed Platforms.Build.0 = Debug|iPhone
		{A016071B-FD63-4997-BEC8-C510FD8CBFFA}.Release|Any CPU.ActiveCfg = Release|iPhone
		{A016071B-FD63-4997-BEC8-C510FD8CBFFA}.Release|iPhone.ActiveCfg = Release|iPhone
		{A016071B-FD63-4997-BEC8-C510FD8CBFFA}.Release|iPhone.Build.0 = Release|iPhone
		{A016071B-FD63-4997-BEC8-C510FD8CBFFA}.Release|iPhoneSimulator.ActiveCfg = Release|iPhoneSimulator
		{A016071B-FD63-4997-BEC8-C510FD8CBFFA}.Release|iPhoneSimulator.Build.0 = Release|iPhoneSimulator
		{A016071B-FD63-4997-BEC8-C510FD8CBFFA}.Release|Mixed Platforms.ActiveCfg = Release|iPhone
		{A016071B-FD63-4997-BEC8-C510FD8CBFFA}.Release|Mixed Platforms.Build.0 = Release|iPhone
		{8E15ED75-0BA8-44B8-9EA1-D8DFC1E99787}.Ad-Hoc|Any CPU.ActiveCfg = Release|Any CPU
		{8E15ED75-0BA8-44B8-9EA1-D8DFC1E99787}.Ad-Hoc|Any CPU.Build.0 = Release|Any CPU
		{8E15ED75-0BA8-44B8-9EA1-D8DFC1E99787}.Ad-Hoc|Any CPU.Deploy.0 = Release|Any CPU
		{8E15ED75-0BA8-44B8-9EA1-D8DFC1E99787}.Ad-Hoc|iPhone.ActiveCfg = Release|Any CPU
		{8E15ED75-0BA8-44B8-9EA1-D8DFC1E99787}.Ad-Hoc|iPhoneSimulator.ActiveCfg = Release|Any CPU
		{8E15ED75-0BA8-44B8-9EA1-D8DFC1E99787}.Ad-Hoc|Mixed Platforms.ActiveCfg = Release|Any CPU
		{8E15ED75-0BA8-44B8-9EA1-D8DFC1E99787}.Ad-Hoc|Mixed Platforms.Build.0 = Release|Any CPU
		{8E15ED75-0BA8-44B8-9EA1-D8DFC1E99787}.Ad-Hoc|Mixed Platforms.Deploy.0 = Release|Any CPU
		{8E15ED75-0BA8-44B8-9EA1-D8DFC1E99787}.AppStore|Any CPU.ActiveCfg = Release|Any CPU
		{8E15ED75-0BA8-44B8-9EA1-D8DFC1E99787}.AppStore|Any CPU.Build.0 = Release|Any CPU
		{8E15ED75-0BA8-44B8-9EA1-D8DFC1E99787}.AppStore|Any CPU.Deploy.0 = Release|Any CPU
		{8E15ED75-0BA8-44B8-9EA1-D8DFC1E99787}.AppStore|iPhone.ActiveCfg = Release|Any CPU
		{8E15ED75-0BA8-44B8-9EA1-D8DFC1E99787}.AppStore|iPhoneSimulator.ActiveCfg = Release|Any CPU
		{8E15ED75-0BA8-44B8-9EA1-D8DFC1E99787}.AppStore|Mixed Platforms.ActiveCfg = Release|Any CPU
		{8E15ED75-0BA8-44B8-9EA1-D8DFC1E99787}.AppStore|Mixed Platforms.Build.0 = Release|Any CPU
		{8E15ED75-0BA8-44B8-9EA1-D8DFC1E99787}.AppStore|Mixed Platforms.Deploy.0 = Release|Any CPU
		{8E15ED75-0BA8-44B8-9EA1-D8DFC1E99787}.Debug|Any CPU.ActiveCfg = Debug|Any CPU
		{8E15ED75-0BA8-44B8-9EA1-D8DFC1E99787}.Debug|Any CPU.Build.0 = Debug|Any CPU
		{8E15ED75-0BA8-44B8-9EA1-D8DFC1E99787}.Debug|Any CPU.Deploy.0 = Debug|Any CPU
		{8E15ED75-0BA8-44B8-9EA1-D8DFC1E99787}.Debug|iPhone.ActiveCfg = Debug|Any CPU
		{8E15ED75-0BA8-44B8-9EA1-D8DFC1E99787}.Debug|iPhoneSimulator.ActiveCfg = Debug|Any CPU
		{8E15ED75-0BA8-44B8-9EA1-D8DFC1E99787}.Debug|Mixed Platforms.ActiveCfg = Debug|Any CPU
		{8E15ED75-0BA8-44B8-9EA1-D8DFC1E99787}.Debug|Mixed Platforms.Build.0 = Debug|Any CPU
		{8E15ED75-0BA8-44B8-9EA1-D8DFC1E99787}.Debug|Mixed Platforms.Deploy.0 = Debug|Any CPU
		{8E15ED75-0BA8-44B8-9EA1-D8DFC1E99787}.Release|Any CPU.ActiveCfg = Release|Any CPU
		{8E15ED75-0BA8-44B8-9EA1-D8DFC1E99787}.Release|Any CPU.Build.0 = Release|Any CPU
		{8E15ED75-0BA8-44B8-9EA1-D8DFC1E99787}.Release|Any CPU.Deploy.0 = Release|Any CPU
		{8E15ED75-0BA8-44B8-9EA1-D8DFC1E99787}.Release|iPhone.ActiveCfg = Release|Any CPU
		{8E15ED75-0BA8-44B8-9EA1-D8DFC1E99787}.Release|iPhoneSimulator.ActiveCfg = Release|Any CPU
		{8E15ED75-0BA8-44B8-9EA1-D8DFC1E99787}.Release|Mixed Platforms.ActiveCfg = Release|Any CPU
		{8E15ED75-0BA8-44B8-9EA1-D8DFC1E99787}.Release|Mixed Platforms.Build.0 = Release|Any CPU
		{8E15ED75-0BA8-44B8-9EA1-D8DFC1E99787}.Release|Mixed Platforms.Deploy.0 = Release|Any CPU
	EndGlobalSection
	GlobalSection(SolutionProperties) = preSolution
		HideSolutionNode = FALSE
	EndGlobalSection
EndGlobal
